{
  "pins" : [
    {
      "identity" : "fastlane",
      "kind" : "remoteSourceControl",
      "location" : "https://github.com/fastlane/fastlane",
      "state" : {
        "revision" : "ebd6dafadac4a6aad4811bb32801af0e1f3ef2df",
        "version" : "2.219.0"
      }
    },
    {
      "identity" : "ink",
      "kind" : "remoteSourceControl",
      "location" : "https://github.com/johnsundell/ink.git",
      "state" : {
        "revision" : "bcc9f219900a62c4210e6db726035d7f03ae757b",
        "version" : "0.6.0"
      }
    },
    {
      "identity" : "swiftshell",
      "kind" : "remoteSourceControl",
      "location" : "https://github.com/kareman/SwiftShell",
      "state" : {
        "revision" : "99680b2efc7c7dbcace1da0b3979d266f02e213c",
        "version" : "5.1.0"
      }
    }
  ],
  "version" : 2
}
